# THIS IS AN AUTOGENERATED FILE. DO NOT EDIT THIS FILE DIRECTLY.
assets/ajax-loader.gif:
  development: 2018-05-14T11:42:56+03:00   deca8b0ecd6974227d157b6d7068995d
assets/arimo-bold-webfont.svg:
  development: 2018-05-30T12:43:41+03:00   4a4a696103d42d37e01a39ad03b0c29c
assets/arimo-bold-webfont.ttf:
  development: 2018-05-30T12:43:42+03:00   72616a0d526dcaec1608b345d104012b
assets/arimo-bold-webfont.woff:
  development: 2018-05-30T12:43:42+03:00   3ac7194c5e3b7a4f4f0207537ef8264b
assets/arimo-bold-webfont.woff2:
  development: 2018-05-30T12:43:43+03:00   4b5d3a8b6189f34c336729556a87c089
assets/arimo-regular-webfont.svg:
  development: 2018-05-30T12:43:43+03:00   609a7ae29b4f477ee3135de7a1f5617d
assets/arimo-regular-webfont.ttf:
  development: 2018-05-30T12:43:44+03:00   9d455e2a59933549eb5d5ff4be726f1f
assets/arimo-regular-webfont.woff:
  development: 2018-05-30T12:43:44+03:00   72bf7f9fae14f07b706f1b626faecd60
assets/arimo-regular-webfont.woff2:
  development: 2018-05-30T12:43:45+03:00   35517e81006b239a2d8faf03d035656e
assets/collection.scss.liquid:
  development: 2018-05-30T22:27:02+03:00   450e776ef3dc88295b5574691cdeacd3
assets/custom-layout.scss.liquid:
  development: 2018-05-29T22:05:33+03:00   d0d494668cf182edf0de06949c04899d
assets/custom.js.liquid:
  development: 2018-05-30T22:32:52+03:00   3e32db0d2a6c0bb2781dec689c8bb22a
assets/fontawesome-all.min.js:
  development: 2018-05-30T18:06:32+03:00   c7015c8439e386a7507c597a5c4c6901
assets/fonts.css:
  development: 2018-05-30T12:43:54+03:00   f93870561ff23105738027f32cc41086
assets/gift-card.js:
  development: 2018-05-14T11:42:56+03:00   5f64ba6cb76fbcd82773489d51785bf1
assets/gift-card.scss.liquid:
  development: 2018-05-16T11:51:11+03:00   bfd6067ad34b425936c11f9553608b51
assets/header.scss.liquid:
  development: 2018-05-29T22:05:16+03:00   9f2e38c82da2070542a872d19fc6fc0e
assets/ico-select.svg.liquid:
  development: 2018-05-14T11:42:56+03:00   28de0c672609528b7c55f6f47810784b
assets/lazysizes.js:
  development: 2018-05-14T11:42:57+03:00   a27b15d827d7a26f9fa58fb6b4f9d4b6
assets/match-media.min.js:
  development: 2018-05-14T11:42:57+03:00   d0bf06c458a236dcca39b3be8cf80ec5
assets/password.js:
  development: 2018-05-14T11:42:57+03:00   d826da9cb223a44d53a0c34f457e92dc
assets/theme.js:
  development: 2018-05-29T21:21:04+03:00   ebe62458c2014dddd482398af4d3268a
assets/theme.scss.liquid:
  development: 2018-05-17T16:44:09+03:00   24ba2b95b7fc2a665965d4d624cfe1b7
assets/vendor.js:
  development: 2018-05-14T11:42:57+03:00   465fb5b94497c1cdcd55ba6cb04ffeb2
config/settings_data.json:
  development: 2018-05-30T11:26:02+03:00   3f2b57171f3802217ff4d88d16acf526
config/settings_schema.json:
  development: 2018-05-29T23:01:48+03:00   583878a8a408111cef8aceb19269aa2f
layout/gift_card.liquid:
  development: 2018-05-14T11:42:57+03:00   7753b850e9c23bb80d00690e5e7f0b3e
layout/password.liquid:
  development: 2018-05-14T11:42:58+03:00   2edaee9d09c63ebd65d4dfa35ee3c7b5
layout/theme.liquid:
  development: 2018-05-30T19:08:33+03:00   6a139b0e0b61181b74d33f566338a130
locales/de.json:
  development: 2018-05-14T11:42:58+03:00   fdc209286a35066be3d3def9adffb18a
locales/en.default.json:
  development: 2018-05-14T11:42:58+03:00   80bef85055a32e68aeff416ed3d121b2
locales/es.json:
  development: 2018-05-14T11:42:58+03:00   fbc4bf05450ec31fb367f095329f6315
locales/fr.json:
  development: 2018-05-14T11:42:58+03:00   76293c8273d64f7f3e0df7ae25cde757
locales/it.json:
  development: 2018-05-14T11:42:58+03:00   76b671535b4bbd4aad766c8295c7b43f
locales/ja.json:
  development: 2018-05-14T11:42:58+03:00   2f92c40b7336cbd518ec68290569fb9b
locales/pt-BR.json:
  development: 2018-05-14T11:42:58+03:00   7c88f01bcc0e663f810cb61caa81a850
locales/pt-PT.json:
  development: 2018-05-14T11:42:58+03:00   6e747d6364b081afee19069dec3c4254
sections/article-template.liquid:
  development: 2018-05-14T11:42:54+03:00   ccfd28597ea1b8927b03262a3a1f248b
sections/blog-template.liquid:
  development: 2018-05-14T11:42:54+03:00   b271843a318751c33bb4804eee7c1479
sections/cart-template.liquid:
  development: 2018-05-14T11:42:54+03:00   4f69dd16b97a295881fd57a6cc511fbf
sections/collection-list.liquid:
  development: 2018-05-14T11:42:54+03:00   8da2d9a0eab92a9e7959b7fb1c579975
sections/collection-template.liquid:
  development: 2018-05-30T18:16:39+03:00   05c5fbddf1ed073b653be7d88160626b
sections/collection.liquid:
  development: 2018-05-14T11:42:54+03:00   b41a9d7edbb27db109cb50d93d0accab
sections/custom-bg-img-collection.liquid:
  development: 2018-05-30T12:55:19+03:00   e89d16bacb93fa06a7af4121e48d8872
sections/custom-collection-template.liquid:
  development: 2018-05-31T11:59:11+03:00   8f9e5749256ddd9af947525140d657c4
sections/custom-content.liquid:
  development: 2018-05-14T11:42:55+03:00   e2c1dabc887c9f1bc17968c97de0a29f
sections/feature-columns.liquid:
  development: 2018-05-14T11:42:55+03:00   b875de4a1b8756948b6875543844a7c7
sections/feature-row.liquid:
  development: 2018-05-14T11:42:55+03:00   0956bba8208fce7fa4cd8fc7a6ef0b0f
sections/featured-blog.liquid:
  development: 2018-05-14T11:42:55+03:00   8ecc2c17de4bf54b21bf44c030a1a51f
sections/featured-product.liquid:
  development: 2018-05-14T11:42:55+03:00   b6fc397dab732fbe121a46aeefad7d43
sections/footer.liquid:
  development: 2018-05-14T11:42:55+03:00   9c6cc01f04f0762c7826a9054ebf732e
sections/header.liquid:
  development: 2018-05-29T22:10:48+03:00   4784583ae5bb74156a76f2076f3c93dc
sections/hero.liquid:
  development: 2018-05-29T23:38:02+03:00   74a3cc3ceceba789809150d1ef1bda5c
sections/image-bar.liquid:
  development: 2018-05-14T11:42:55+03:00   7b00dff3ab435ef3a663a146cf6c3649
sections/list-collections-template.liquid:
  development: 2018-05-29T22:59:32+03:00   6bc8974930581f8b36a3acd54ea91234
sections/logo-bar.liquid:
  development: 2018-05-14T11:42:55+03:00   9068a436bb57d2e788194ed01ef9ebe2
sections/map.liquid:
  development: 2018-05-14T11:42:55+03:00   d50800efe53a8260e3f6926f21cbf77c
sections/newsletter.liquid:
  development: 2018-05-14T11:42:55+03:00   870fcc5d9c46e216f491502d30de0dcf
sections/password-content.liquid:
  development: 2018-05-14T11:42:55+03:00   91553a991c4bc3d602cf2675a6793251
sections/password-footer.liquid:
  development: 2018-05-14T11:42:55+03:00   df7edbf9dfb6fd10b604392a70a3aecb
sections/password-header.liquid:
  development: 2018-05-14T11:42:56+03:00   2f768874e4de2c482cec2f6fb646b4c0
sections/product-template.liquid:
  development: 2018-05-14T11:42:56+03:00   70dc9d1360920c6f10f9c3014424c8ef
sections/quotes.liquid:
  development: 2018-05-14T11:42:56+03:00   70e88d0bab28637bf601aeaf50b6836c
sections/rich-text.liquid:
  development: 2018-05-14T11:42:56+03:00   b174b4355b74dad2ed0de03a3d42aaad
sections/slideshow.liquid:
  development: 2018-05-14T11:42:56+03:00   ecf2250c5562e8947b21df280b39d327
snippets/bgset.liquid:
  development: 2018-05-14T11:42:58+03:00   85889bbc39b57621f32fad66317366fc
snippets/breadcrumbs.liquid:
  development: 2018-05-29T21:59:54+03:00   adcfae9bdf8a1115f04ae42442704560
snippets/collection-grid-button.liquid:
  development: 2018-05-30T17:45:28+03:00   86cfc36f7df19b0e134d0b1370a66cf4
snippets/collection-grid-item.liquid:
  development: 2018-05-14T11:42:58+03:00   209c8abd3531c95e503636cc520dd9ca
snippets/collection-list-button.liquid:
  development: 2018-05-30T17:45:14+03:00   20f6c7617adba5f0be1a1e20d7bf3450
snippets/comment.liquid:
  development: 2018-05-14T11:42:58+03:00   50406c82467014e1bbe15a62685b2536
snippets/custom-collection-grid-item.liquid:
  development: 2018-05-29T22:53:27+03:00   84c280967d16a5483da7e3de493b22a5
snippets/custom-icon-cart.liquid:
  development: 2018-05-29T22:11:18+03:00   7036bc4a65769d149c6dfcfadad8a92b
snippets/custom-icon-search.liquid:
  development: 2018-05-29T22:07:40+03:00   44d8ef489fdbba2c320e06e92c1ad90d
snippets/custom-nav-menu.liquid:
  development: 2018-05-29T22:22:33+03:00   d6bc7bf134356b44acf6c0cebd76d62f
snippets/google-fonts.liquid:
  development: 2018-05-14T11:42:58+03:00   377ddc183ac7882100f47299bb8e0467
snippets/icon-amazon_payments.liquid:
  development: 2018-05-14T11:42:58+03:00   f1ad8ba26dd5b98117703ede5357e408
snippets/icon-american_express.liquid:
  development: 2018-05-14T11:42:58+03:00   9da829decce6867b8de60a183c94d099
snippets/icon-apple_pay.liquid:
  development: 2018-05-14T11:42:59+03:00   e82e7acc46479ea2173926f8fad55db0
snippets/icon-arrow-left.liquid:
  development: 2018-05-14T11:42:59+03:00   5abf8c4c69967103f685014dcc88a6e7
snippets/icon-arrow-right.liquid:
  development: 2018-05-14T11:42:59+03:00   45f24673c43655e9275d1ba99d814374
snippets/icon-bitcoin.liquid:
  development: 2018-05-14T11:42:59+03:00   d8cb31e0401818c1cb852348b6f27420
snippets/icon-cart.liquid:
  development: 2018-05-14T11:42:59+03:00   c9de61c7db365e0090f7ca5423b633e6
snippets/icon-chevron-down.liquid:
  development: 2018-05-14T11:42:59+03:00   7d3a8cd08370aa9d2a88ae542446a181
snippets/icon-chevron-left.liquid:
  development: 2018-05-14T11:42:59+03:00   6290d56c32e8ac47abe4a4f4d90ed032
snippets/icon-chevron-right.liquid:
  development: 2018-05-14T11:42:59+03:00   41842e53e7b826a0d260e2ccffbfdab1
snippets/icon-chevron-up.liquid:
  development: 2018-05-14T11:42:59+03:00   4df1e02c8789418fc53d48e2913daf49
snippets/icon-cirrus.liquid:
  development: 2018-05-14T11:42:59+03:00   fcbd6ce7e38d7946c921c8ed6ad5ca71
snippets/icon-close.liquid:
  development: 2018-05-14T11:42:59+03:00   a04fce17a63e760b9bce76768ee29feb
snippets/icon-dankort.liquid:
  development: 2018-05-14T11:42:59+03:00   796e1e822b3e46784d303b48c9db5b29
snippets/icon-diners_club.liquid:
  development: 2018-05-14T11:42:59+03:00   cf70ea54486bb14c286264f90dab9ff8
snippets/icon-discover.liquid:
  development: 2018-05-14T11:42:59+03:00   b43221b39bc3df37f7e6c7810d3e54d8
snippets/icon-dogecoin.liquid:
  development: 2018-05-14T11:42:59+03:00   6a35f5db9eb93d1ed563c6989ff30798
snippets/icon-dwolla.liquid:
  development: 2018-05-14T11:42:59+03:00   aeb86f67aad84adaf7635d2043cb89a9
snippets/icon-facebook.liquid:
  development: 2018-05-14T11:42:59+03:00   334588042b292f2d7335fd2791c35eca
snippets/icon-forbrugsforeningen.liquid:
  development: 2018-05-14T11:42:59+03:00   ff962a94f23046340766c215b0f14a52
snippets/icon-google_pay.liquid:
  development: 2018-05-14T11:43:00+03:00   b66e7e8ec5851e74bcbd8fda45ef1a5a
snippets/icon-hamburger.liquid:
  development: 2018-05-14T11:43:00+03:00   559577e06ff14924311cfe2642e8b765
snippets/icon-instagram.liquid:
  development: 2018-05-14T11:43:00+03:00   bf50214819f6e2a5f053593e2414526d
snippets/icon-interac.liquid:
  development: 2018-05-14T11:43:00+03:00   24c4d22a98c0574c32fc02fe39e34b80
snippets/icon-jcb.liquid:
  development: 2018-05-14T11:43:00+03:00   275259ce80a1b368d0e5afcf7d6bb6f3
snippets/icon-klarna.liquid:
  development: 2018-05-14T11:43:00+03:00   9faa80c27e5612a01f9f0f9fc3ad3d6f
snippets/icon-laser.liquid:
  development: 2018-05-14T11:43:00+03:00   bd1a0ecfe958b6a6e84bf80e0669a6da
snippets/icon-litecoin.liquid:
  development: 2018-05-14T11:43:00+03:00   051dfcb36fa17b532a087b12f0a49e0e
snippets/icon-lock.liquid:
  development: 2018-05-14T11:43:00+03:00   60ae7ba03d14efa582faed8855821a58
snippets/icon-login.liquid:
  development: 2018-05-14T11:43:00+03:00   9a74bdaac402576390ca1dbdc9e7869c
snippets/icon-maestro.liquid:
  development: 2018-05-14T11:43:00+03:00   b987e558ecad607661489939ec8ca524
snippets/icon-master.liquid:
  development: 2018-05-14T11:43:00+03:00   7be93970b63c2fd0e2b319a35c00a9d7
snippets/icon-minus.liquid:
  development: 2018-05-14T11:43:00+03:00   78c513424d498299e865f8a242823ad0
snippets/icon-pause.liquid:
  development: 2018-05-14T11:43:00+03:00   99e785a63af3ab0a7ccd9c5551ea8910
snippets/icon-paypal.liquid:
  development: 2018-05-14T11:43:00+03:00   1b0d7db160b229b8519cccf2514ee676
snippets/icon-pin.liquid:
  development: 2018-05-14T11:43:00+03:00   694162388571d6142ec30bc299d8ac91
snippets/icon-pinterest.liquid:
  development: 2018-05-14T11:43:00+03:00   701f2a785b3fa83d63e3ab54af060031
snippets/icon-play-video.liquid:
  development: 2018-05-14T11:43:00+03:00   f0b736a271f33b83b319b2d04e61aa2b
snippets/icon-play.liquid:
  development: 2018-05-14T11:43:01+03:00   31ff2901a9fd0f32ebc4c05748e7aa5d
snippets/icon-plus.liquid:
  development: 2018-05-14T11:43:01+03:00   ba5297f64eb7ea97f1785e8166e11231
snippets/icon-quote.liquid:
  development: 2018-05-14T11:43:01+03:00   e710949f7a142dfc3c4fac15c33bb2fa
snippets/icon-rss.liquid:
  development: 2018-05-14T11:43:01+03:00   6493d6bcb850513a55823d4ff62b0f8b
snippets/icon-search.liquid:
  development: 2018-05-14T11:43:01+03:00   7a6bf8d43770ed3a16cb22001718b87e
snippets/icon-shopify-logo.liquid:
  development: 2018-05-14T11:43:01+03:00   3f0b70f9e01be5b25507d25a732ecde7
snippets/icon-shopify_pay.liquid:
  development: 2018-05-14T11:43:01+03:00   0af2d9a3a7f1b14dfc11f8e4b9746c2d
snippets/icon-snapchat.liquid:
  development: 2018-05-14T11:43:01+03:00   9ed6937e3232c9034976be2b8ed9f673
snippets/icon-stripe.liquid:
  development: 2018-05-14T11:43:01+03:00   208713954dff9de98f800df59763615d
snippets/icon-tumblr.liquid:
  development: 2018-05-14T11:43:01+03:00   d71a4ada77a8a9b6bd792bdafef393de
snippets/icon-twitter.liquid:
  development: 2018-05-14T11:43:01+03:00   24047c22697a23a0baabf2804adc6c11
snippets/icon-vimeo.liquid:
  development: 2018-05-14T11:43:01+03:00   a229ed8a1a81e6ef95ad621f8a34efb6
snippets/icon-visa.liquid:
  development: 2018-05-14T11:43:01+03:00   9098533cd59e385d2672f6d8b7fa4b04
snippets/icon-youtube.liquid:
  development: 2018-05-14T11:43:01+03:00   9d72c5bc3eaa14a3e7aefd921881b1ae
snippets/image-style.liquid:
  development: 2018-05-14T11:43:01+03:00   2d807ad1f4831d306d8e190b89d45c00
snippets/list.liquid:
  development: 2018-05-30T18:03:10+03:00   e4a8b3b748a4a94d307c757243024de8
snippets/no-blocks.liquid:
  development: 2018-05-14T11:43:01+03:00   0cb7d758b6df0feb07ae5804b4b627fa
snippets/pagination.liquid:
  development: 2018-05-14T11:43:01+03:00   21eb22fbf93da5d96f2d111ce4784463
snippets/product-card-grid.liquid:
  development: 2018-05-14T11:43:01+03:00   67f997aa02c4a69fcd9cf394fdc2e060
snippets/product-card-list.liquid:
  development: 2018-05-14T11:43:02+03:00   701fa6db04bd9c70283028cc4274fc2f
snippets/product-price.liquid:
  development: 2018-05-14T11:43:02+03:00   aa3c23106356d7bc60b8273f0ebcc25a
snippets/search-form.liquid:
  development: 2018-05-29T22:09:23+03:00   ad1776d99835549ccbd1a6c1a63ba7ab
snippets/site-nav.liquid:
  development: 2018-05-18T19:49:14+03:00   01dd04a797a9d89695436fb893725bee
snippets/social-meta-tags.liquid:
  development: 2018-05-14T11:43:02+03:00   ae9e213401623b2601abf0ace8e21537
snippets/social-sharing.liquid:
  development: 2018-05-14T11:43:02+03:00   011dd5c58fa718c8016b784f2d9fa92b
snippets/squares.liquid:
  development: 2018-05-30T18:02:57+03:00   73a7e1f37429d431210ace5b3fafb09a
templates/404.liquid:
  development: 2018-05-14T11:43:02+03:00   805b16263cdf5c85be9c507ad6b03623
templates/article.liquid:
  development: 2018-05-14T11:43:02+03:00   7c31b2aef34a1be542f39efb9e24c13b
templates/blog.liquid:
  development: 2018-05-14T11:43:02+03:00   2d9763b480fe6879080163b1e0e33e54
templates/cart.liquid:
  development: 2018-05-14T11:43:02+03:00   714b4b7c62d583b231f339bbd1b85d03
templates/collection.liquid:
  development: 2018-05-30T18:27:24+03:00   913626a768af035697f0ab4e1319067a
templates/customers/account.liquid:
  development: 2018-05-14T11:43:02+03:00   2150e58e96e6435f4449d4a71b395aa6
templates/customers/activate_account.liquid:
  development: 2018-05-14T11:43:02+03:00   a72f8d3b00650f7123113ca3eb2bb14b
templates/customers/addresses.liquid:
  development: 2018-05-14T11:43:02+03:00   a508c1aa90931dc76ac24321d7921298
templates/customers/login.liquid:
  development: 2018-05-14T11:43:02+03:00   b510dc58805428ee890cbe2d33acf89d
templates/customers/order.liquid:
  development: 2018-05-14T11:43:03+03:00   e6fc7179a5a3904781b3847d8ef8c0f7
templates/customers/register.liquid:
  development: 2018-05-14T11:43:03+03:00   d5ff2b8c829efba767ccf98366beae51
templates/customers/reset_password.liquid:
  development: 2018-05-14T11:43:03+03:00   b1a5600ded81661c31216b8d020eabab
templates/gift_card.liquid:
  development: 2018-05-14T11:43:03+03:00   3bd04b2b964e6a974a7473eaecd94feb
templates/index.liquid:
  development: 2018-05-14T11:43:03+03:00   56b51b6f96394db4b17c64b43e1c0010
templates/list-collections.liquid:
  development: 2018-05-29T23:20:06+03:00   d42f6d6957169811896f646709d353d9
templates/page.contact.liquid:
  development: 2018-05-14T11:43:03+03:00   e5ad157804a0b23ba6387683e308dfe0
templates/page.liquid:
  development: 2018-05-14T11:43:03+03:00   26f97d3355078de5c6678ed3b34ad7f6
templates/password.liquid:
  development: 2018-05-14T11:43:03+03:00   30d1743d26765ce8c3fa53a3fdf9524f
templates/product.liquid:
  development: 2018-05-14T11:43:03+03:00   a8b973ec94163b15351915497eec8df8
templates/search.liquid:
  development: 2018-05-14T11:43:03+03:00   b756d5606d690ca7258c20b02c483154
